
Microsoft Visual Studio Solution File, Format Version 12.00
# Visual Studio Version 17
VisualStudioVersion = 17.5.33516.290
MinimumVisualStudioVersion = 10.0.40219.1
Project("{FAE04EC0-301F-11D3-BF4B-00C04F79EFBC}") = "LoginDialog", "LoginDialog\LoginDialog.csproj", "{2B243866-698A-4389-9347-61D8EB1DE4C5}"
EndProject
Global
	GlobalSection(SolutionConfigurationPlatforms) = preSolution
		Debug|Any CPU = Debug|Any CPU
		Release|Any CPU = Release|Any CPU
	EndGlobalSection
	GlobalSection(ProjectConfigurationPlatforms) = postSolution
		{2B243866-698A-4389-9347-61D8EB1DE4C5}.Debug|Any CPU.ActiveCfg = Debug|Any CPU
		{2B243866-698A-4389-9347-61D8EB1DE4C5}.Debug|Any CPU.Build.0 = Debug|Any CPU
		{2B243866-698A-4389-9347-61D8EB1DE4C5}.Release|Any CPU.ActiveCfg = Release|Any CPU
		{2B243866-698A-4389-9347-61D8EB1DE4C5}.Release|Any CPU.Build.0 = Release|Any CPU
	EndGlobalSection
	GlobalSection(SolutionProperties) = preSolution
		HideSolutionNode = FALSE
	EndGlobalSection
	GlobalSection(ExtensibilityGlobals) = postSolution
		SolutionGuid = {8917C011-0389-4756-81DE-F1C12456F287}
	EndGlobalSection
EndGlobal
